github.com/adityatelange/hugo-PaperMod v0.0.0-20240915081152-a2eb47bb4b80 h1:IfLPokx2zpHroEDwNUXsXTxiG93dg/nc86djmWXS4SM=
github.com/adityatelange/hugo-PaperMod v0.0.0-20240915081152-a2eb47bb4b80/go.mod h1:HCHxNMKYdGafUYjVV3ICiAqznZK2yH0iI53jqcDFDdQ=
github.com/adityatelange/hugo-PaperMod v0.0.0-20251026154251-1cf53273c3ba h1:tQBhO2phdgzYPJx/ylpkvrpzNGOB+W3bnYVoHgSQubg=
github.com/adityatelange/hugo-PaperMod v0.0.0-20251026154251-1cf53273c3ba/go.mod h1:HCHxNMKYdGafUYjVV3ICiAqznZK2yH0iI53jqcDFDdQ=
